// !$*UTF8*$!
{
	archiveVersion = 1;
	classes = {
	};
	objectVersion = 50;
	objects = {

/* Begin PBXBuildFile section */
		02816288E578AE100C4FA4B5 /* Pods_FamilyAccountBook.framework in Frameworks */ = {isa = PBXBuildFile; fileRef = 2B3E7C203AA4CDF35E4E8F1D /* Pods_FamilyAccountBook.framework */; };
		CB37B83E22AB755D0098F330 /* FABMainVC.m in Sources */ = {isa = PBXBuildFile; fileRef = CB37B83D22AB755D0098F330 /* FABMainVC.m */; };
		CB37B84122AB75980098F330 /* FABMyVC.m in Sources */ = {isa = PBXBuildFile; fileRef = CB37B84022AB75980098F330 /* FABMyVC.m */; };
		CB37B84422AB75B50098F330 /* FABReportFormVC.m in Sources */ = {isa = PBXBuildFile; fileRef = CB37B84322AB75B50098F330 /* FABReportFormVC.m */; };
		CB37B84722AB75D20098F330 /* FABAccountVC.m in Sources */ = {isa = PBXBuildFile; fileRef = CB37B84622AB75D20098F330 /* FABAccountVC.m */; };
		CB37B84B22AB7A4D0098F330 /* FABNavigationController.m in Sources */ = {isa = PBXBuildFile; fileRef = CB37B84A22AB7A4D0098F330 /* FABNavigationController.m */; };
		CB37B86122AB8D9B0098F330 /* Localizable.strings in Resources */ = {isa = PBXBuildFile; fileRef = CB37B86322AB8D9B0098F330 /* Localizable.strings */; };
		CB37B86822AB8F200098F330 /* UINavigationBar+FABHidBottomLine.m in Sources */ = {isa = PBXBuildFile; fileRef = CB37B86722AB8F200098F330 /* UINavigationBar+FABHidBottomLine.m */; };
		CB37B86D22AB90E90098F330 /* FABBaseVC.m in Sources */ = {isa = PBXBuildFile; fileRef = CB37B86C22AB90E90098F330 /* FABBaseVC.m */; };
		CB37B87322AB9CEC0098F330 /* FABAddAccountVC.m in Sources */ = {isa = PBXBuildFile; fileRef = CB37B87222AB9CEC0098F330 /* FABAddAccountVC.m */; };
		CB37B87622AB9D110098F330 /* FABAddExpenditureAccountVC.m in Sources */ = {isa = PBXBuildFile; fileRef = CB37B87522AB9D110098F330 /* FABAddExpenditureAccountVC.m */; };
		CB37B87922AB9D250098F330 /* FABAddIncomeAccountVC.m in Sources */ = {isa = PBXBuildFile; fileRef = CB37B87822AB9D250098F330 /* FABAddIncomeAccountVC.m */; };
		CB37B88522ABAF870098F330 /* FABAccountHeaderView.m in Sources */ = {isa = PBXBuildFile; fileRef = CB37B88422ABAF870098F330 /* FABAccountHeaderView.m */; };
		CB37B88B22ABAFBA0098F330 /* FABAccountHeaderViewVM.m in Sources */ = {isa = PBXBuildFile; fileRef = CB37B88A22ABAFBA0098F330 /* FABAccountHeaderViewVM.m */; };
		CB37B88F22ABB2420098F330 /* FABShadowView.m in Sources */ = {isa = PBXBuildFile; fileRef = CB37B88E22ABB2420098F330 /* FABShadowView.m */; };
		CB37B89322ABC2150098F330 /* FABAccountHeaderBlockView.m in Sources */ = {isa = PBXBuildFile; fileRef = CB37B89222ABC2150098F330 /* FABAccountHeaderBlockView.m */; };
		CB37B89622ABC2790098F330 /* FABAccountHeaderBlockViewVM.m in Sources */ = {isa = PBXBuildFile; fileRef = CB37B89522ABC2790098F330 /* FABAccountHeaderBlockViewVM.m */; };
		CB4864C722A570D50006A775 /* AppDelegate.m in Sources */ = {isa = PBXBuildFile; fileRef = CB4864C622A570D50006A775 /* AppDelegate.m */; };
		CB4864CA22A570D50006A775 /* ViewController.m in Sources */ = {isa = PBXBuildFile; fileRef = CB4864C922A570D50006A775 /* ViewController.m */; };
		CB4864CD22A570D50006A775 /* Main.storyboard in Resources */ = {isa = PBXBuildFile; fileRef = CB4864CB22A570D50006A775 /* Main.storyboard */; };
		CB4864CF22A570D80006A775 /* Assets.xcassets in Resources */ = {isa = PBXBuildFile; fileRef = CB4864CE22A570D80006A775 /* Assets.xcassets */; };
		CB4864D222A570D80006A775 /* LaunchScreen.storyboard in Resources */ = {isa = PBXBuildFile; fileRef = CB4864D022A570D80006A775 /* LaunchScreen.storyboard */; };
		CB4864D522A570D80006A775 /* main.m in Sources */ = {isa = PBXBuildFile; fileRef = CB4864D422A570D80006A775 /* main.m */; };
		CB639E5E22AE9AAF00F9BA6E /* FABBaseTableViewCell.m in Sources */ = {isa = PBXBuildFile; fileRef = CB639E5D22AE9AAF00F9BA6E /* FABBaseTableViewCell.m */; };
		CB639E6222AE9B5900F9BA6E /* RYButtonCell.m in Sources */ = {isa = PBXBuildFile; fileRef = CB639E6122AE9B5900F9BA6E /* RYButtonCell.m */; };
		CB639E6922AEA74100F9BA6E /* UIImage+ConvertToUIImageAddtions.m in Sources */ = {isa = PBXBuildFile; fileRef = CB639E6822AEA74100F9BA6E /* UIImage+ConvertToUIImageAddtions.m */; };
/* End PBXBuildFile section */

/* Begin PBXFileReference section */
		25BFF8380E4DF99C251AD673 /* Pods-FamilyAccountBook.debug.xcconfig */ = {isa = PBXFileReference; includeInIndex = 1; lastKnownFileType = text.xcconfig; name = "Pods-FamilyAccountBook.debug.xcconfig"; path = "Target Support Files/Pods-FamilyAccountBook/Pods-FamilyAccountBook.debug.xcconfig"; sourceTree = "<group>"; };
		2B3E7C203AA4CDF35E4E8F1D /* Pods_FamilyAccountBook.framework */ = {isa = PBXFileReference; explicitFileType = wrapper.framework; includeInIndex = 0; path = Pods_FamilyAccountBook.framework; sourceTree = BUILT_PRODUCTS_DIR; };
		CB37B83C22AB755D0098F330 /* FABMainVC.h */ = {isa = PBXFileReference; lastKnownFileType = sourcecode.c.h; path = FABMainVC.h; sourceTree = "<group>"; };
		CB37B83D22AB755D0098F330 /* FABMainVC.m */ = {isa = PBXFileReference; lastKnownFileType = sourcecode.c.objc; path = FABMainVC.m; sourceTree = "<group>"; };
		CB37B83F22AB75980098F330 /* FABMyVC.h */ = {isa = PBXFileReference; lastKnownFileType = sourcecode.c.h; path = FABMyVC.h; sourceTree = "<group>"; };
		CB37B84022AB75980098F330 /* FABMyVC.m */ = {isa = PBXFileReference; lastKnownFileType = sourcecode.c.objc; path = FABMyVC.m; sourceTree = "<group>"; };
		CB37B84222AB75B50098F330 /* FABReportFormVC.h */ = {isa = PBXFileReference; lastKnownFileType = sourcecode.c.h; path = FABReportFormVC.h; sourceTree = "<group>"; };
		CB37B84322AB75B50098F330 /* FABReportFormVC.m */ = {isa = PBXFileReference; lastKnownFileType = sourcecode.c.objc; path = FABReportFormVC.m; sourceTree = "<group>"; };
		CB37B84522AB75D20098F330 /* FABAccountVC.h */ = {isa = PBXFileReference; lastKnownFileType = sourcecode.c.h; path = FABAccountVC.h; sourceTree = "<group>"; };
		CB37B84622AB75D20098F330 /* FABAccountVC.m */ = {isa = PBXFileReference; lastKnownFileType = sourcecode.c.objc; path = FABAccountVC.m; sourceTree = "<group>"; };
		CB37B84922AB7A4D0098F330 /* FABNavigationController.h */ = {isa = PBXFileReference; lastKnownFileType = sourcecode.c.h; path = FABNavigationController.h; sourceTree = "<group>"; };
		CB37B84A22AB7A4D0098F330 /* FABNavigationController.m */ = {isa = PBXFileReference; lastKnownFileType = sourcecode.c.objc; path = FABNavigationController.m; sourceTree = "<group>"; };
		CB37B84C22AB7AFD0098F330 /* FABColorMacro.h */ = {isa = PBXFileReference; lastKnownFileType = sourcecode.c.h; path = FABColorMacro.h; sourceTree = "<group>"; };
		CB37B84E22AB7CE80098F330 /* FamilyAccountBook.pch */ = {isa = PBXFileReference; lastKnownFileType = sourcecode.c.h; path = FamilyAccountBook.pch; sourceTree = "<group>"; };
		CB37B84F22AB7D290098F330 /* FABAppMacro.h */ = {isa = PBXFileReference; lastKnownFileType = sourcecode.c.h; path = FABAppMacro.h; sourceTree = "<group>"; };
		CB37B85622AB8A520098F330 /* zh-Hans */ = {isa = PBXFileReference; lastKnownFileType = text.plist.strings; name = "zh-Hans"; path = "zh-Hans.lproj/Main.strings"; sourceTree = "<group>"; };
		CB37B85722AB8A520098F330 /* zh-Hans */ = {isa = PBXFileReference; lastKnownFileType = text.plist.strings; name = "zh-Hans"; path = "zh-Hans.lproj/LaunchScreen.strings"; sourceTree = "<group>"; };
		CB37B86222AB8D9B0098F330 /* en */ = {isa = PBXFileReference; lastKnownFileType = text.plist.strings; name = en; path = en.lproj/Localizable.strings; sourceTree = "<group>"; };
		CB37B86422AB8DA00098F330 /* zh-Hans */ = {isa = PBXFileReference; lastKnownFileType = text.plist.strings; name = "zh-Hans"; path = "zh-Hans.lproj/Localizable.strings"; sourceTree = "<group>"; };
		CB37B86622AB8F200098F330 /* UINavigationBar+FABHidBottomLine.h */ = {isa = PBXFileReference; lastKnownFileType = sourcecode.c.h; path = "UINavigationBar+FABHidBottomLine.h"; sourceTree = "<group>"; };
		CB37B86722AB8F200098F330 /* UINavigationBar+FABHidBottomLine.m */ = {isa = PBXFileReference; lastKnownFileType = sourcecode.c.objc; path = "UINavigationBar+FABHidBottomLine.m"; sourceTree = "<group>"; };
		CB37B86B22AB90E90098F330 /* FABBaseVC.h */ = {isa = PBXFileReference; lastKnownFileType = sourcecode.c.h; path = FABBaseVC.h; sourceTree = "<group>"; };
		CB37B86C22AB90E90098F330 /* FABBaseVC.m */ = {isa = PBXFileReference; lastKnownFileType = sourcecode.c.objc; path = FABBaseVC.m; sourceTree = "<group>"; };
		CB37B87122AB9CEC0098F330 /* FABAddAccountVC.h */ = {isa = PBXFileReference; lastKnownFileType = sourcecode.c.h; path = FABAddAccountVC.h; sourceTree = "<group>"; };
		CB37B87222AB9CEC0098F330 /* FABAddAccountVC.m */ = {isa = PBXFileReference; lastKnownFileType = sourcecode.c.objc; path = FABAddAccountVC.m; sourceTree = "<group>"; };
		CB37B87422AB9D110098F330 /* FABAddExpenditureAccountVC.h */ = {isa = PBXFileReference; lastKnownFileType = sourcecode.c.h; path = FABAddExpenditureAccountVC.h; sourceTree = "<group>"; };
		CB37B87522AB9D110098F330 /* FABAddExpenditureAccountVC.m */ = {isa = PBXFileReference; lastKnownFileType = sourcecode.c.objc; path = FABAddExpenditureAccountVC.m; sourceTree = "<group>"; };
		CB37B87722AB9D250098F330 /* FABAddIncomeAccountVC.h */ = {isa = PBXFileReference; lastKnownFileType = sourcecode.c.h; path = FABAddIncomeAccountVC.h; sourceTree = "<group>"; };
		CB37B87822AB9D250098F330 /* FABAddIncomeAccountVC.m */ = {isa = PBXFileReference; lastKnownFileType = sourcecode.c.objc; path = FABAddIncomeAccountVC.m; sourceTree = "<group>"; };
		CB37B88322ABAF870098F330 /* FABAccountHeaderView.h */ = {isa = PBXFileReference; lastKnownFileType = sourcecode.c.h; path = FABAccountHeaderView.h; sourceTree = "<group>"; };
		CB37B88422ABAF870098F330 /* FABAccountHeaderView.m */ = {isa = PBXFileReference; lastKnownFileType = sourcecode.c.objc; path = FABAccountHeaderView.m; sourceTree = "<group>"; };
		CB37B88922ABAFBA0098F330 /* FABAccountHeaderViewVM.h */ = {isa = PBXFileReference; lastKnownFileType = sourcecode.c.h; path = FABAccountHeaderViewVM.h; sourceTree = "<group>"; };
		CB37B88A22ABAFBA0098F330 /* FABAccountHeaderViewVM.m */ = {isa = PBXFileReference; lastKnownFileType = sourcecode.c.objc; path = FABAccountHeaderViewVM.m; sourceTree = "<group>"; };
		CB37B88D22ABB2420098F330 /* FABShadowView.h */ = {isa = PBXFileReference; lastKnownFileType = sourcecode.c.h; path = FABShadowView.h; sourceTree = "<group>"; };
		CB37B88E22ABB2420098F330 /* FABShadowView.m */ = {isa = PBXFileReference; lastKnownFileType = sourcecode.c.objc; path = FABShadowView.m; sourceTree = "<group>"; };
		CB37B89022ABB69F0098F330 /* FABFontMacro.h */ = {isa = PBXFileReference; lastKnownFileType = sourcecode.c.h; path = FABFontMacro.h; sourceTree = "<group>"; };
		CB37B89122ABC2150098F330 /* FABAccountHeaderBlockView.h */ = {isa = PBXFileReference; lastKnownFileType = sourcecode.c.h; path = FABAccountHeaderBlockView.h; sourceTree = "<group>"; };
		CB37B89222ABC2150098F330 /* FABAccountHeaderBlockView.m */ = {isa = PBXFileReference; lastKnownFileType = sourcecode.c.objc; path = FABAccountHeaderBlockView.m; sourceTree = "<group>"; };
		CB37B89422ABC2790098F330 /* FABAccountHeaderBlockViewVM.h */ = {isa = PBXFileReference; lastKnownFileType = sourcecode.c.h; path = FABAccountHeaderBlockViewVM.h; sourceTree = "<group>"; };
		CB37B89522ABC2790098F330 /* FABAccountHeaderBlockViewVM.m */ = {isa = PBXFileReference; lastKnownFileType = sourcecode.c.objc; path = FABAccountHeaderBlockViewVM.m; sourceTree = "<group>"; };
		CB4864C222A570D50006A775 /* FamilyAccountBook.app */ = {isa = PBXFileReference; explicitFileType = wrapper.application; includeInIndex = 0; path = FamilyAccountBook.app; sourceTree = BUILT_PRODUCTS_DIR; };
		CB4864C522A570D50006A775 /* AppDelegate.h */ = {isa = PBXFileReference; lastKnownFileType = sourcecode.c.h; path = AppDelegate.h; sourceTree = "<group>"; };
		CB4864C622A570D50006A775 /* AppDelegate.m */ = {isa = PBXFileReference; lastKnownFileType = sourcecode.c.objc; path = AppDelegate.m; sourceTree = "<group>"; };
		CB4864C822A570D50006A775 /* ViewController.h */ = {isa = PBXFileReference; lastKnownFileType = sourcecode.c.h; name = ViewController.h; path = ../ViewController.h; sourceTree = "<group>"; };
		CB4864C922A570D50006A775 /* ViewController.m */ = {isa = PBXFileReference; lastKnownFileType = sourcecode.c.objc; name = ViewController.m; path = ../ViewController.m; sourceTree = "<group>"; };
		CB4864CC22A570D50006A775 /* Base */ = {isa = PBXFileReference; lastKnownFileType = file.storyboard; name = Base; path = Base.lproj/Main.storyboard; sourceTree = "<group>"; };
		CB4864CE22A570D80006A775 /* Assets.xcassets */ = {isa = PBXFileReference; lastKnownFileType = folder.assetcatalog; path = Assets.xcassets; sourceTree = "<group>"; };
		CB4864D122A570D80006A775 /* Base */ = {isa = PBXFileReference; lastKnownFileType = file.storyboard; name = Base; path = Base.lproj/LaunchScreen.storyboard; sourceTree = "<group>"; };
		CB4864D322A570D80006A775 /* Info.plist */ = {isa = PBXFileReference; lastKnownFileType = text.plist.xml; path = Info.plist; sourceTree = "<group>"; };
		CB4864D422A570D80006A775 /* main.m */ = {isa = PBXFileReference; lastKnownFileType = sourcecode.c.objc; path = main.m; sourceTree = "<group>"; };
		CB639E5C22AE9AAF00F9BA6E /* FABBaseTableViewCell.h */ = {isa = PBXFileReference; lastKnownFileType = sourcecode.c.h; path = FABBaseTableViewCell.h; sourceTree = "<group>"; };
		CB639E5D22AE9AAF00F9BA6E /* FABBaseTableViewCell.m */ = {isa = PBXFileReference; lastKnownFileType = sourcecode.c.objc; path = FABBaseTableViewCell.m; sourceTree = "<group>"; };
		CB639E6022AE9B5900F9BA6E /* RYButtonCell.h */ = {isa = PBXFileReference; lastKnownFileType = sourcecode.c.h; path = RYButtonCell.h; sourceTree = "<group>"; };
		CB639E6122AE9B5900F9BA6E /* RYButtonCell.m */ = {isa = PBXFileReference; lastKnownFileType = sourcecode.c.objc; path = RYButtonCell.m; sourceTree = "<group>"; };
		CB639E6722AEA74100F9BA6E /* UIImage+ConvertToUIImageAddtions.h */ = {isa = PBXFileReference; lastKnownFileType = sourcecode.c.h; path = "UIImage+ConvertToUIImageAddtions.h"; sourceTree = "<group>"; };
		CB639E6822AEA74100F9BA6E /* UIImage+ConvertToUIImageAddtions.m */ = {isa = PBXFileReference; lastKnownFileType = sourcecode.c.objc; path = "UIImage+ConvertToUIImageAddtions.m"; sourceTree = "<group>"; };
		D6C8933C09BC0947C29DB520 /* Pods-FamilyAccountBook.release.xcconfig */ = {isa = PBXFileReference; includeInIndex = 1; lastKnownFileType = text.xcconfig; name = "Pods-FamilyAccountBook.release.xcconfig"; path = "Target Support Files/Pods-FamilyAccountBook/Pods-FamilyAccountBook.release.xcconfig"; sourceTree = "<group>"; };
/* End PBXFileReference section */

/* Begin PBXFrameworksBuildPhase section */
		CB4864BF22A570D50006A775 /* Frameworks */ = {
			isa = PBXFrameworksBuildPhase;
			buildActionMask = 2147483647;
			files = (
				02816288E578AE100C4FA4B5 /* Pods_FamilyAccountBook.framework in Frameworks */,
			);
			runOnlyForDeploymentPostprocessing = 0;
		};
/* End PBXFrameworksBuildPhase section */

/* Begin PBXGroup section */
		642CC4F3A0B7D8EEF61D36AD /* Pods */ = {
			isa = PBXGroup;
			children = (
				25BFF8380E4DF99C251AD673 /* Pods-FamilyAccountBook.debug.xcconfig */,
				D6C8933C09BC0947C29DB520 /* Pods-FamilyAccountBook.release.xcconfig */,
			);
			path = Pods;
			sourceTree = "<group>";
		};
		CB37B83122AB74450098F330 /* Supporting Files */ = {
			isa = PBXGroup;
			children = (
				CB4864C822A570D50006A775 /* ViewController.h */,
				CB4864C922A570D50006A775 /* ViewController.m */,
				CB37B84E22AB7CE80098F330 /* FamilyAccountBook.pch */,
				CB37B85022AB88F40098F330 /* LocalizableStrings */,
			);
			path = "Supporting Files";
			sourceTree = "<group>";
		};
		CB37B83222AB744F0098F330 /* Resources */ = {
			isa = PBXGroup;
			children = (
			);
			path = Resources;
			sourceTree = "<group>";
		};
		CB37B83322AB74570098F330 /* Vendors */ = {
			isa = PBXGroup;
			children = (
			);
			path = Vendors;
			sourceTree = "<group>";
		};
		CB37B83422AB74650098F330 /* AppDelegate */ = {
			isa = PBXGroup;
			children = (
				CB4864C522A570D50006A775 /* AppDelegate.h */,
				CB4864C622A570D50006A775 /* AppDelegate.m */,
			);
			path = AppDelegate;
			sourceTree = "<group>";
		};
		CB37B83522AB74700098F330 /* Sections */ = {
			isa = PBXGroup;
			children = (
				CB37B83B22AB74E40098F330 /* Account */,
				CB37B83A22AB74DC0098F330 /* ReportForm */,
				CB37B83922AB74CE0098F330 /* My */,
				CB37B83822AB74AB0098F330 /* Main */,
			);
			path = Sections;
			sourceTree = "<group>";
		};
		CB37B83622AB747C0098F330 /* General */ = {
			isa = PBXGroup;
			children = (
				CB37B86922AB90A40098F330 /* Base */,
				CB37B86522AB8E420098F330 /* Categories */,
			);
			path = General;
			sourceTree = "<group>";
		};
		CB37B83722AB74860098F330 /* Macro */ = {
			isa = PBXGroup;
			children = (
				CB37B84C22AB7AFD0098F330 /* FABColorMacro.h */,
				CB37B84F22AB7D290098F330 /* FABAppMacro.h */,
				CB37B89022ABB69F0098F330 /* FABFontMacro.h */,
			);
			path = Macro;
			sourceTree = "<group>";
		};
		CB37B83822AB74AB0098F330 /* Main */ = {
			isa = PBXGroup;
			children = (
				CB37B83C22AB755D0098F330 /* FABMainVC.h */,
				CB37B83D22AB755D0098F330 /* FABMainVC.m */,
				CB37B84922AB7A4D0098F330 /* FABNavigationController.h */,
				CB37B84A22AB7A4D0098F330 /* FABNavigationController.m */,
			);
			path = Main;
			sourceTree = "<group>";
		};
		CB37B83922AB74CE0098F330 /* My */ = {
			isa = PBXGroup;
			children = (
				CB37B83F22AB75980098F330 /* FABMyVC.h */,
				CB37B84022AB75980098F330 /* FABMyVC.m */,
			);
			path = My;
			sourceTree = "<group>";
		};
		CB37B83A22AB74DC0098F330 /* ReportForm */ = {
			isa = PBXGroup;
			children = (
				CB37B84222AB75B50098F330 /* FABReportFormVC.h */,
				CB37B84322AB75B50098F330 /* FABReportFormVC.m */,
			);
			path = ReportForm;
			sourceTree = "<group>";
		};
		CB37B83B22AB74E40098F330 /* Account */ = {
			isa = PBXGroup;
			children = (
				CB37B88222ABA0EC0098F330 /* FABAccount */,
				CB37B86E22AB9C370098F330 /* FABAddAccount */,
				CB37B87022AB9C820098F330 /* FABAddExpenditureAccount */,
				CB37B86F22AB9C6A0098F330 /* FABAddIncomeAccount */,
			);
			path = Account;
			sourceTree = "<group>";
		};
		CB37B85022AB88F40098F330 /* LocalizableStrings */ = {
			isa = PBXGroup;
			children = (
				CB37B86322AB8D9B0098F330 /* Localizable.strings */,
			);
			path = LocalizableStrings;
			sourceTree = "<group>";
		};
		CB37B86522AB8E420098F330 /* Categories */ = {
			isa = PBXGroup;
			children = (
				CB37B86622AB8F200098F330 /* UINavigationBar+FABHidBottomLine.h */,
				CB37B86722AB8F200098F330 /* UINavigationBar+FABHidBottomLine.m */,
			);
			path = Categories;
			sourceTree = "<group>";
		};
		CB37B86922AB90A40098F330 /* Base */ = {
			isa = PBXGroup;
			children = (
				CB639E6622AEA72600F9BA6E /* UIImage */,
				CB639E5F22AE9B2200F9BA6E /* ButtonCell */,
				CB639E5B22AE9A8300F9BA6E /* BaseTableViewCell */,
				CB37B88C22ABB1FB0098F330 /* BaseView */,
				CB37B86A22AB90B00098F330 /* BaseVC */,
			);
			path = Base;
			sourceTree = "<group>";
		};
		CB37B86A22AB90B00098F330 /* BaseVC */ = {
			isa = PBXGroup;
			children = (
				CB37B86B22AB90E90098F330 /* FABBaseVC.h */,
				CB37B86C22AB90E90098F330 /* FABBaseVC.m */,
			);
			path = BaseVC;
			sourceTree = "<group>";
		};
		CB37B86E22AB9C370098F330 /* FABAddAccount */ = {
			isa = PBXGroup;
			children = (
				CB37B88122AB9D8B0098F330 /* Model */,
				CB37B88022AB9D830098F330 /* ViewModel */,
				CB37B87F22AB9D7C0098F330 /* View */,
				CB37B87E22AB9D740098F330 /* VC */,
			);
			path = FABAddAccount;
			sourceTree = "<group>";
		};
		CB37B86F22AB9C6A0098F330 /* FABAddIncomeAccount */ = {
			isa = PBXGroup;
			children = (
				CB37B87722AB9D250098F330 /* FABAddIncomeAccountVC.h */,
				CB37B87822AB9D250098F330 /* FABAddIncomeAccountVC.m */,
			);
			path = FABAddIncomeAccount;
			sourceTree = "<group>";
		};
		CB37B87022AB9C820098F330 /* FABAddExpenditureAccount */ = {
			isa = PBXGroup;
			children = (
				CB37B87422AB9D110098F330 /* FABAddExpenditureAccountVC.h */,
				CB37B87522AB9D110098F330 /* FABAddExpenditureAccountVC.m */,
			);
			path = FABAddExpenditureAccount;
			sourceTree = "<group>";
		};
		CB37B87A22AB9D450098F330 /* VC */ = {
			isa = PBXGroup;
			children = (
				CB37B84522AB75D20098F330 /* FABAccountVC.h */,
				CB37B84622AB75D20098F330 /* FABAccountVC.m */,
			);
			path = VC;
			sourceTree = "<group>";
		};
		CB37B87B22AB9D4E0098F330 /* View */ = {
			isa = PBXGroup;
			children = (
				CB37B88322ABAF870098F330 /* FABAccountHeaderView.h */,
				CB37B88422ABAF870098F330 /* FABAccountHeaderView.m */,
				CB37B89122ABC2150098F330 /* FABAccountHeaderBlockView.h */,
				CB37B89222ABC2150098F330 /* FABAccountHeaderBlockView.m */,
			);
			path = View;
			sourceTree = "<group>";
		};
		CB37B87C22AB9D540098F330 /* ViewModel */ = {
			isa = PBXGroup;
			children = (
				CB37B88922ABAFBA0098F330 /* FABAccountHeaderViewVM.h */,
				CB37B88A22ABAFBA0098F330 /* FABAccountHeaderViewVM.m */,
				CB37B89422ABC2790098F330 /* FABAccountHeaderBlockViewVM.h */,
				CB37B89522ABC2790098F330 /* FABAccountHeaderBlockViewVM.m */,
			);
			path = ViewModel;
			sourceTree = "<group>";
		};
		CB37B87D22AB9D5F0098F330 /* Model */ = {
			isa = PBXGroup;
			children = (
			);
			path = Model;
			sourceTree = "<group>";
		};
		CB37B87E22AB9D740098F330 /* VC */ = {
			isa = PBXGroup;
			children = (
				CB37B87122AB9CEC0098F330 /* FABAddAccountVC.h */,
				CB37B87222AB9CEC0098F330 /* FABAddAccountVC.m */,
			);
			path = VC;
			sourceTree = "<group>";
		};
		CB37B87F22AB9D7C0098F330 /* View */ = {
			isa = PBXGroup;
			children = (
			);
			path = View;
			sourceTree = "<group>";
		};
		CB37B88022AB9D830098F330 /* ViewModel */ = {
			isa = PBXGroup;
			children = (
			);
			path = ViewModel;
			sourceTree = "<group>";
		};
		CB37B88122AB9D8B0098F330 /* Model */ = {
			isa = PBXGroup;
			children = (
			);
			path = Model;
			sourceTree = "<group>";
		};
		CB37B88222ABA0EC0098F330 /* FABAccount */ = {
			isa = PBXGroup;
			children = (
				CB37B87D22AB9D5F0098F330 /* Model */,
				CB37B87C22AB9D540098F330 /* ViewModel */,
				CB37B87B22AB9D4E0098F330 /* View */,
				CB37B87A22AB9D450098F330 /* VC */,
			);
			path = FABAccount;
			sourceTree = "<group>";
		};
		CB37B88C22ABB1FB0098F330 /* BaseView */ = {
			isa = PBXGroup;
			children = (
				CB37B88D22ABB2420098F330 /* FABShadowView.h */,
				CB37B88E22ABB2420098F330 /* FABShadowView.m */,
			);
			path = BaseView;
			sourceTree = "<group>";
		};
		CB4864B922A570D50006A775 = {
			isa = PBXGroup;
			children = (
				CB4864C422A570D50006A775 /* FamilyAccountBook */,
				CB4864C322A570D50006A775 /* Products */,
				642CC4F3A0B7D8EEF61D36AD /* Pods */,
				F3E7BA89BE00A9732EFA655A /* Frameworks */,
			);
			sourceTree = "<group>";
		};
		CB4864C322A570D50006A775 /* Products */ = {
			isa = PBXGroup;
			children = (
				CB4864C222A570D50006A775 /* FamilyAccountBook.app */,
			);
			name = Products;
			sourceTree = "<group>";
		};
		CB4864C422A570D50006A775 /* FamilyAccountBook */ = {
			isa = PBXGroup;
			children = (
				CB37B83422AB74650098F330 /* AppDelegate */,
				CB37B83522AB74700098F330 /* Sections */,
				CB37B83722AB74860098F330 /* Macro */,
				CB37B83622AB747C0098F330 /* General */,
				CB37B83322AB74570098F330 /* Vendors */,
				CB37B83222AB744F0098F330 /* Resources */,
				CB37B83122AB74450098F330 /* Supporting Files */,
				CB4864CB22A570D50006A775 /* Main.storyboard */,
				CB4864CE22A570D80006A775 /* Assets.xcassets */,
				CB4864D022A570D80006A775 /* LaunchScreen.storyboard */,
				CB4864D322A570D80006A775 /* Info.plist */,
				CB4864D422A570D80006A775 /* main.m */,
			);
			path = FamilyAccountBook;
			sourceTree = "<group>";
		};
		CB639E5B22AE9A8300F9BA6E /* BaseTableViewCell */ = {
			isa = PBXGroup;
			children = (
				CB639E5C22AE9AAF00F9BA6E /* FABBaseTableViewCell.h */,
				CB639E5D22AE9AAF00F9BA6E /* FABBaseTableViewCell.m */,
			);
			path = BaseTableViewCell;
			sourceTree = "<group>";
		};
		CB639E5F22AE9B2200F9BA6E /* ButtonCell */ = {
			isa = PBXGroup;
			children = (
				CB639E6022AE9B5900F9BA6E /* RYButtonCell.h */,
				CB639E6122AE9B5900F9BA6E /* RYButtonCell.m */,
			);
			path = ButtonCell;
			sourceTree = "<group>";
		};
		CB639E6622AEA72600F9BA6E /* UIImage */ = {
			isa = PBXGroup;
			children = (
				CB639E6722AEA74100F9BA6E /* UIImage+ConvertToUIImageAddtions.h */,
				CB639E6822AEA74100F9BA6E /* UIImage+ConvertToUIImageAddtions.m */,
			);
			path = UIImage;
			sourceTree = "<group>";
		};
		F3E7BA89BE00A9732EFA655A /* Frameworks */ = {
			isa = PBXGroup;
			children = (
				2B3E7C203AA4CDF35E4E8F1D /* Pods_FamilyAccountBook.framework */,
			);
			name = Frameworks;
			sourceTree = "<group>";
		};
/* End PBXGroup section */

/* Begin PBXNativeTarget section */
		CB4864C122A570D50006A775 /* FamilyAccountBook */ = {
			isa = PBXNativeTarget;
			buildConfigurationList = CB4864D822A570D80006A775 /* Build configuration list for PBXNativeTarget "FamilyAccountBook" */;
			buildPhases = (
				B3981D058B7C892E57B06B0D /* [CP] Check Pods Manifest.lock */,
				CB4864BE22A570D50006A775 /* Sources */,
				CB4864BF22A570D50006A775 /* Frameworks */,
				CB4864C022A570D50006A775 /* Resources */,
				C73D007507E411E0DC5F250C /* [CP] Embed Pods Frameworks */,
			);
			buildRules = (
			);
			dependencies = (
			);
			name = FamilyAccountBook;
			productName = FamilyAccountBook;
			productReference = CB4864C222A570D50006A775 /* FamilyAccountBook.app */;
			productType = "com.apple.product-type.application";
		};
/* End PBXNativeTarget section */

/* Begin PBXProject section */
		CB4864BA22A570D50006A775 /* Project object */ = {
			isa = PBXProject;
			attributes = {
				LastUpgradeCheck = 1020;
				ORGANIZATIONNAME = sculg;
				TargetAttributes = {
					CB4864C122A570D50006A775 = {
						CreatedOnToolsVersion = 10.2.1;
					};
				};
			};
			buildConfigurationList = CB4864BD22A570D50006A775 /* Build configuration list for PBXProject "FamilyAccountBook" */;
			compatibilityVersion = "Xcode 9.3";
			developmentRegion = en;
			hasScannedForEncodings = 0;
			knownRegions = (
				en,
				Base,
				"zh-Hans",
			);
			mainGroup = CB4864B922A570D50006A775;
			productRefGroup = CB4864C322A570D50006A775 /* Products */;
			projectDirPath = "";
			projectRoot = "";
			targets = (
				CB4864C122A570D50006A775 /* FamilyAccountBook */,
			);
		};
/* End PBXProject section */

/* Begin PBXResourcesBuildPhase section */
		CB4864C022A570D50006A775 /* Resources */ = {
			isa = PBXResourcesBuildPhase;
			buildActionMask = 2147483647;
			files = (
				CB37B86122AB8D9B0098F330 /* Localizable.strings in Resources */,
				CB4864D222A570D80006A775 /* LaunchScreen.storyboard in Resources */,
				CB4864CF22A570D80006A775 /* Assets.xcassets in Resources */,
				CB4864CD22A570D50006A775 /* Main.storyboard in Resources */,
			);
			runOnlyForDeploymentPostprocessing = 0;
		};
/* End PBXResourcesBuildPhase section */

/* Begin PBXShellScriptBuildPhase section */
		B3981D058B7C892E57B06B0D /* [CP] Check Pods Manifest.lock */ = {
			isa = PBXShellScriptBuildPhase;
			buildActionMask = 2147483647;
			files = (
			);
			inputFileListPaths = (
			);
			inputPaths = (
				"${PODS_PODFILE_DIR_PATH}/Podfile.lock",
				"${PODS_ROOT}/Manifest.lock",
			);
			name = "[CP] Check Pods Manifest.lock";
			outputFileListPaths = (
			);
			outputPaths = (
				"$(DERIVED_FILE_DIR)/Pods-FamilyAccountBook-checkManifestLockResult.txt",
			);
			runOnlyForDeploymentPostprocessing = 0;
			shellPath = /bin/sh;
			shellScript = "diff \"${PODS_PODFILE_DIR_PATH}/Podfile.lock\" \"${PODS_ROOT}/Manifest.lock\" > /dev/null\nif [ $? != 0 ] ; then\n    # print error to STDERR\n    echo \"error: The sandbox is not in sync with the Podfile.lock. Run 'pod install' or update your CocoaPods installation.\" >&2\n    exit 1\nfi\n# This output is used by Xcode 'outputs' to avoid re-running this script phase.\necho \"SUCCESS\" > \"${SCRIPT_OUTPUT_FILE_0}\"\n";
			showEnvVarsInLog = 0;
		};
		C73D007507E411E0DC5F250C /* [CP] Embed Pods Frameworks */ = {
			isa = PBXShellScriptBuildPhase;
			buildActionMask = 2147483647;
			files = (
			);
			inputFileListPaths = (
			);
			inputPaths = (
				"${PODS_ROOT}/Target Support Files/Pods-FamilyAccountBook/Pods-FamilyAccountBook-frameworks.sh",
				"${BUILT_PRODUCTS_DIR}/Charts/Charts.framework",
				"${BUILT_PRODUCTS_DIR}/FMDB/FMDB.framework",
				"${BUILT_PRODUCTS_DIR}/LKDBHelper/LKDBHelper.framework",
				"${BUILT_PRODUCTS_DIR}/MBProgressHUD/MBProgressHUD.framework",
				"${BUILT_PRODUCTS_DIR}/Masonry/Masonry.framework",
				"${BUILT_PRODUCTS_DIR}/YYModel/YYModel.framework",
			);
			name = "[CP] Embed Pods Frameworks";
			outputFileListPaths = (
			);
			outputPaths = (
				"${TARGET_BUILD_DIR}/${FRAMEWORKS_FOLDER_PATH}/Charts.framework",
				"${TARGET_BUILD_DIR}/${FRAMEWORKS_FOLDER_PATH}/FMDB.framework",
				"${TARGET_BUILD_DIR}/${FRAMEWORKS_FOLDER_PATH}/LKDBHelper.framework",
				"${TARGET_BUILD_DIR}/${FRAMEWORKS_FOLDER_PATH}/MBProgressHUD.framework",
				"${TARGET_BUILD_DIR}/${FRAMEWORKS_FOLDER_PATH}/Masonry.framework",
				"${TARGET_BUILD_DIR}/${FRAMEWORKS_FOLDER_PATH}/YYModel.framework",
			);
			runOnlyForDeploymentPostprocessing = 0;
			shellPath = /bin/sh;
			shellScript = "\"${PODS_ROOT}/Target Support Files/Pods-FamilyAccountBook/Pods-FamilyAccountBook-frameworks.sh\"\n";
			showEnvVarsInLog = 0;
		};
/* End PBXShellScriptBuildPhase section */

/* Begin PBXSourcesBuildPhase section */
		CB4864BE22A570D50006A775 /* Sources */ = {
			isa = PBXSourcesBuildPhase;
			buildActionMask = 2147483647;
			files = (
				CB4864CA22A570D50006A775 /* ViewController.m in Sources */,
				CB37B86D22AB90E90098F330 /* FABBaseVC.m in Sources */,
				CB37B86822AB8F200098F330 /* UINavigationBar+FABHidBottomLine.m in Sources */,
				CB37B84B22AB7A4D0098F330 /* FABNavigationController.m in Sources */,
				CB639E6222AE9B5900F9BA6E /* RYButtonCell.m in Sources */,
				CB37B88F22ABB2420098F330 /* FABShadowView.m in Sources */,
				CB639E5E22AE9AAF00F9BA6E /* FABBaseTableViewCell.m in Sources */,
				CB37B84722AB75D20098F330 /* FABAccountVC.m in Sources */,
				CB37B84122AB75980098F330 /* FABMyVC.m in Sources */,
				CB37B84422AB75B50098F330 /* FABReportFormVC.m in Sources */,
				CB37B87322AB9CEC0098F330 /* FABAddAccountVC.m in Sources */,
				CB639E6922AEA74100F9BA6E /* UIImage+ConvertToUIImageAddtions.m in Sources */,
				CB37B87622AB9D110098F330 /* FABAddExpenditureAccountVC.m in Sources */,
				CB37B88522ABAF870098F330 /* FABAccountHeaderView.m in Sources */,
				CB37B83E22AB755D0098F330 /* FABMainVC.m in Sources */,
				CB37B89322ABC2150098F330 /* FABAccountHeaderBlockView.m in Sources */,
				CB4864D522A570D80006A775 /* main.m in Sources */,
				CB4864C722A570D50006A775 /* AppDelegate.m in Sources */,
				CB37B87922AB9D250098F330 /* FABAddIncomeAccountVC.m in Sources */,
				CB37B89622ABC2790098F330 /* FABAccountHeaderBlockViewVM.m in Sources */,
				CB37B88B22ABAFBA0098F330 /* FABAccountHeaderViewVM.m in Sources */,
			);
			runOnlyForDeploymentPostprocessing = 0;
		};
/* End PBXSourcesBuildPhase section */

/* Begin PBXVariantGroup section */
		CB37B86322AB8D9B0098F330 /* Localizable.strings */ = {
			isa = PBXVariantGroup;
			children = (
				CB37B86222AB8D9B0098F330 /* en */,
				CB37B86422AB8DA00098F330 /* zh-Hans */,
			);
			name = Localizable.strings;
			sourceTree = "<group>";
		};
		CB4864CB22A570D50006A775 /* Main.storyboard */ = {
			isa = PBXVariantGroup;
			children = (
				CB4864CC22A570D50006A775 /* Base */,
				CB37B85622AB8A520098F330 /* zh-Hans */,
			);
			name = Main.storyboard;
			sourceTree = "<group>";
		};
		CB4864D022A570D80006A775 /* LaunchScreen.storyboard */ = {
			isa = PBXVariantGroup;
			children = (
				CB4864D122A570D80006A775 /* Base */,
				CB37B85722AB8A520098F330 /* zh-Hans */,
			);
			name = LaunchScreen.storyboard;
			sourceTree = "<group>";
		};
/* End PBXVariantGroup section */

/* Begin XCBuildConfiguration section */
		CB4864D622A570D80006A775 /* Debug */ = {
			isa = XCBuildConfiguration;
			buildSettings = {
				ALWAYS_SEARCH_USER_PATHS = NO;
				CLANG_ANALYZER_LOCALIZABILITY_NONLOCALIZED = YES;
				CLANG_ANALYZER_NONNULL = YES;
				CLANG_ANALYZER_NUMBER_OBJECT_CONVERSION = YES_AGGRESSIVE;
				CLANG_CXX_LANGUAGE_STANDARD = "gnu++14";
				CLANG_CXX_LIBRARY = "libc++";
				CLANG_ENABLE_MODULES = YES;
				CLANG_ENABLE_OBJC_ARC = YES;
				CLANG_ENABLE_OBJC_WEAK = YES;
				CLANG_WARN_BLOCK_CAPTURE_AUTORELEASING = YES;
				CLANG_WARN_BOOL_CONVERSION = YES;
				CLANG_WARN_COMMA = YES;
				CLANG_WARN_CONSTANT_CONVERSION = YES;
				CLANG_WARN_DEPRECATED_OBJC_IMPLEMENTATIONS = YES;
				CLANG_WARN_DIRECT_OBJC_ISA_USAGE = YES_ERROR;
				CLANG_WARN_DOCUMENTATION_COMMENTS = YES;
				CLANG_WARN_EMPTY_BODY = YES;
				CLANG_WARN_ENUM_CONVERSION = YES;
				CLANG_WARN_INFINITE_RECURSION = YES;
				CLANG_WARN_INT_CONVERSION = YES;
				CLANG_WARN_NON_LITERAL_NULL_CONVERSION = YES;
				CLANG_WARN_OBJC_IMPLICIT_RETAIN_SELF = YES;
				CLANG_WARN_OBJC_LITERAL_CONVERSION = YES;
				CLANG_WARN_OBJC_ROOT_CLASS = YES_ERROR;
				CLANG_WARN_RANGE_LOOP_ANALYSIS = YES;
				CLANG_WARN_STRICT_PROTOTYPES = YES;
				CLANG_WARN_SUSPICIOUS_MOVE = YES;
				CLANG_WARN_UNGUARDED_AVAILABILITY = YES_AGGRESSIVE;
				CLANG_WARN_UNREACHABLE_CODE = YES;
				CLANG_WARN__DUPLICATE_METHOD_MATCH = YES;
				CODE_SIGN_IDENTITY = "iPhone Developer";
				COPY_PHASE_STRIP = NO;
				DEBUG_INFORMATION_FORMAT = dwarf;
				ENABLE_STRICT_OBJC_MSGSEND = YES;
				ENABLE_TESTABILITY = YES;
				GCC_C_LANGUAGE_STANDARD = gnu11;
				GCC_DYNAMIC_NO_PIC = NO;
				GCC_NO_COMMON_BLOCKS = YES;
				GCC_OPTIMIZATION_LEVEL = 0;
				GCC_PREPROCESSOR_DEFINITIONS = (
					"DEBUG=1",
					"$(inherited)",
				);
				GCC_WARN_64_TO_32_BIT_CONVERSION = YES;
				GCC_WARN_ABOUT_RETURN_TYPE = YES_ERROR;
				GCC_WARN_UNDECLARED_SELECTOR = YES;
				GCC_WARN_UNINITIALIZED_AUTOS = YES_AGGRESSIVE;
				GCC_WARN_UNUSED_FUNCTION = YES;
				GCC_WARN_UNUSED_VARIABLE = YES;
				IPHONEOS_DEPLOYMENT_TARGET = 12.2;
				MTL_ENABLE_DEBUG_INFO = INCLUDE_SOURCE;
				MTL_FAST_MATH = YES;
				ONLY_ACTIVE_ARCH = YES;
				SDKROOT = iphoneos;
			};
			name = Debug;
		};
		CB4864D722A570D80006A775 /* Release */ = {
			isa = XCBuildConfiguration;
			buildSettings = {
				ALWAYS_SEARCH_USER_PATHS = NO;
				CLANG_ANALYZER_LOCALIZABILITY_NONLOCALIZED = YES;
				CLANG_ANALYZER_NONNULL = YES;
				CLANG_ANALYZER_NUMBER_OBJECT_CONVERSION = YES_AGGRESSIVE;
				CLANG_CXX_LANGUAGE_STANDARD = "gnu++14";
				CLANG_CXX_LIBRARY = "libc++";
				CLANG_ENABLE_MODULES = YES;
				CLANG_ENABLE_OBJC_ARC = YES;
				CLANG_ENABLE_OBJC_WEAK = YES;
				CLANG_WARN_BLOCK_CAPTURE_AUTORELEASING = YES;
				CLANG_WARN_BOOL_CONVERSION = YES;
				CLANG_WARN_COMMA = YES;
				CLANG_WARN_CONSTANT_CONVERSION = YES;
				CLANG_WARN_DEPRECATED_OBJC_IMPLEMENTATIONS = YES;
				CLANG_WARN_DIRECT_OBJC_ISA_USAGE = YES_ERROR;
				CLANG_WARN_DOCUMENTATION_COMMENTS = YES;
				CLANG_WARN_EMPTY_BODY = YES;
				CLANG_WARN_ENUM_CONVERSION = YES;
				CLANG_WARN_INFINITE_RECURSION = YES;
				CLANG_WARN_INT_CONVERSION = YES;
				CLANG_WARN_NON_LITERAL_NULL_CONVERSION = YES;
				CLANG_WARN_OBJC_IMPLICIT_RETAIN_SELF = YES;
				CLANG_WARN_OBJC_LITERAL_CONVERSION = YES;
				CLANG_WARN_OBJC_ROOT_CLASS = YES_ERROR;
				CLANG_WARN_RANGE_LOOP_ANALYSIS = YES;
				CLANG_WARN_STRICT_PROTOTYPES = YES;
				CLANG_WARN_SUSPICIOUS_MOVE = YES;
				CLANG_WARN_UNGUARDED_AVAILABILITY = YES_AGGRESSIVE;
				CLANG_WARN_UNREACHABLE_CODE = YES;
				CLANG_WARN__DUPLICATE_METHOD_MATCH = YES;
				CODE_SIGN_IDENTITY = "iPhone Developer";
				COPY_PHASE_STRIP = NO;
				DEBUG_INFORMATION_FORMAT = "dwarf-with-dsym";
				ENABLE_NS_ASSERTIONS = NO;
				ENABLE_STRICT_OBJC_MSGSEND = YES;
				GCC_C_LANGUAGE_STANDARD = gnu11;
				GCC_NO_COMMON_BLOCKS = YES;
				GCC_WARN_64_TO_32_BIT_CONVERSION = YES;
				GCC_WARN_ABOUT_RETURN_TYPE = YES_ERROR;
				GCC_WARN_UNDECLARED_SELECTOR = YES;
				GCC_WARN_UNINITIALIZED_AUTOS = YES_AGGRESSIVE;
				GCC_WARN_UNUSED_FUNCTION = YES;
				GCC_WARN_UNUSED_VARIABLE = YES;
				IPHONEOS_DEPLOYMENT_TARGET = 12.2;
				MTL_ENABLE_DEBUG_INFO = NO;
				MTL_FAST_MATH = YES;
				SDKROOT = iphoneos;
				VALIDATE_PRODUCT = YES;
			};
			name = Release;
		};
		CB4864D922A570D80006A775 /* Debug */ = {
			isa = XCBuildConfiguration;
			baseConfigurationReference = 25BFF8380E4DF99C251AD673 /* Pods-FamilyAccountBook.debug.xcconfig */;
			buildSettings = {
				ASSETCATALOG_COMPILER_APPICON_NAME = AppIcon;
				CODE_SIGN_STYLE = Automatic;
				GCC_PRECOMPILE_PREFIX_HEADER = YES;
				GCC_PREFIX_HEADER = "FamilyAccountBook/Supporting Files/FamilyAccountBook.pch";
				INFOPLIST_FILE = FamilyAccountBook/Info.plist;
				LD_RUNPATH_SEARCH_PATHS = (
					"$(inherited)",
					"@executable_path/Frameworks",
				);
				PRODUCT_BUNDLE_IDENTIFIER = com.lg.scu.FamilyAccountBook;
				PRODUCT_NAME = "$(TARGET_NAME)";
				SWIFT_VERSION = 4.2;
				TARGETED_DEVICE_FAMILY = "1,2";
			};
			name = Debug;
		};
		CB4864DA22A570D80006A775 /* Release */ = {
			isa = XCBuildConfiguration;
			baseConfigurationReference = D6C8933C09BC0947C29DB520 /* Pods-FamilyAccountBook.release.xcconfig */;
			buildSettings = {
				ASSETCATALOG_COMPILER_APPICON_NAME = AppIcon;
				CODE_SIGN_STYLE = Automatic;
				GCC_PRECOMPILE_PREFIX_HEADER = YES;
				GCC_PREFIX_HEADER = "FamilyAccountBook/Supporting Files/FamilyAccountBook.pch";
				INFOPLIST_FILE = FamilyAccountBook/Info.plist;
				LD_RUNPATH_SEARCH_PATHS = (
					"$(inherited)",
					"@executable_path/Frameworks",
				);
				PRODUCT_BUNDLE_IDENTIFIER = com.lg.scu.FamilyAccountBook;
				PRODUCT_NAME = "$(TARGET_NAME)";
				SWIFT_VERSION = 4.2;
				TARGETED_DEVICE_FAMILY = "1,2";
			};
			name = Release;
		};
/* End XCBuildConfiguration section */

/* Begin XCConfigurationList section */
		CB4864BD22A570D50006A775 /* Build configuration list for PBXProject "FamilyAccountBook" */ = {
			isa = XCConfigurationList;
			buildConfigurations = (
				CB4864D622A570D80006A775 /* Debug */,
				CB4864D722A570D80006A775 /* Release */,
			);
			defaultConfigurationIsVisible = 0;
			defaultConfigurationName = Release;
		};
		CB4864D822A570D80006A775 /* Build configuration list for PBXNativeTarget "FamilyAccountBook" */ = {
			isa = XCConfigurationList;
			buildConfigurations = (
				CB4864D922A570D80006A775 /* Debug */,
				CB4864DA22A570D80006A775 /* Release */,
			);
			defaultConfigurationIsVisible = 0;
			defaultConfigurationName = Release;
		};
/* End XCConfigurationList section */
	};
	rootObject = CB4864BA22A570D50006A775 /* Project object */;
}
